
Microsoft Visual Studio Solution File, Format Version 12.00
# Visual Studio Version 16
VisualStudioVersion = 16.0.32002.261
MinimumVisualStudioVersion = 10.0.40219.1
Project("{FAE04EC0-301F-11D3-BF4B-00C04F79EFBC}") = "FilaAtendimento", "FilaAtendimento\FilaAtendimento.csproj", "{0FDF2ED6-F2C9-42A0-B99E-3D780C2EB28A}"
EndProject
Global
	GlobalSection(SolutionConfigurationPlatforms) = preSolution
		Debug|Any CPU = Debug|Any CPU
		Release|Any CPU = Release|Any CPU
	EndGlobalSection
	GlobalSection(ProjectConfigurationPlatforms) = postSolution
		{0FDF2ED6-F2C9-42A0-B99E-3D780C2EB28A}.Debug|Any CPU.ActiveCfg = Debug|Any CPU
		{0FDF2ED6-F2C9-42A0-B99E-3D780C2EB28A}.Debug|Any CPU.Build.0 = Debug|Any CPU
		{0FDF2ED6-F2C9-42A0-B99E-3D780C2EB28A}.Release|Any CPU.ActiveCfg = Release|Any CPU
		{0FDF2ED6-F2C9-42A0-B99E-3D780C2EB28A}.Release|Any CPU.Build.0 = Release|Any CPU
	EndGlobalSection
	GlobalSection(SolutionProperties) = preSolution
		HideSolutionNode = FALSE
	EndGlobalSection
	GlobalSection(ExtensibilityGlobals) = postSolution
		SolutionGuid = {7D2AC4CA-13E6-4210-8B3B-94028C8F9F26}
	EndGlobalSection
EndGlobal
